// !$*UTF8*$!
{
	archiveVersion = 1;
	classes = {
	};
	objectVersion = 56;
	objects = {

/* Begin PBXBuildFile section */
		3F3FDAA02A02EB2100F99EBA /* Monkey.mp3 in Resources */ = {isa = PBXBuildFile; fileRef = 3F3FDA9E2A02EB2100F99EBA /* Monkey.mp3 */; };
		3F3FDAA12A02EB2100F99EBA /* Penguin.mp3 in Resources */ = {isa = PBXBuildFile; fileRef = 3F3FDA9F2A02EB2100F99EBA /* Penguin.mp3 */; };
		3F3FDAA32A02EB4100F99EBA /* Wolf.mp3 in Resources */ = {isa = PBXBuildFile; fileRef = 3F3FDAA22A02EB4100F99EBA /* Wolf.mp3 */; };
		3F3FDAA52A02EB5000F99EBA /* Snake.mp3 in Resources */ = {isa = PBXBuildFile; fileRef = 3F3FDAA42A02EB5000F99EBA /* Snake.mp3 */; };
		3F3FDAA72A02EB5B00F99EBA /* Lion.mp3 in Resources */ = {isa = PBXBuildFile; fileRef = 3F3FDAA62A02EB5B00F99EBA /* Lion.mp3 */; };
		3FCD41242A019AD1005D172A /* AppDelegate.swift in Sources */ = {isa = PBXBuildFile; fileRef = 3FCD41232A019AD1005D172A /* AppDelegate.swift */; };
		3FCD41262A019AD1005D172A /* SceneDelegate.swift in Sources */ = {isa = PBXBuildFile; fileRef = 3FCD41252A019AD1005D172A /* SceneDelegate.swift */; };
		3FCD41282A019AD1005D172A /* ViewController.swift in Sources */ = {isa = PBXBuildFile; fileRef = 3FCD41272A019AD1005D172A /* ViewController.swift */; };
		3FCD412B2A019AD1005D172A /* Main.storyboard in Resources */ = {isa = PBXBuildFile; fileRef = 3FCD41292A019AD1005D172A /* Main.storyboard */; };
		3FCD412D2A019AD2005D172A /* Assets.xcassets in Resources */ = {isa = PBXBuildFile; fileRef = 3FCD412C2A019AD2005D172A /* Assets.xcassets */; };
		3FCD41302A019AD2005D172A /* LaunchScreen.storyboard in Resources */ = {isa = PBXBuildFile; fileRef = 3FCD412E2A019AD2005D172A /* LaunchScreen.storyboard */; };
/* End PBXBuildFile section */

/* Begin PBXFileReference section */
		3F3FDA9E2A02EB2100F99EBA /* Monkey.mp3 */ = {isa = PBXFileReference; lastKnownFileType = audio.mp3; name = Monkey.mp3; path = animalAssets/Monkey.mp3; sourceTree = SOURCE_ROOT; };
		3F3FDA9F2A02EB2100F99EBA /* Penguin.mp3 */ = {isa = PBXFileReference; lastKnownFileType = audio.mp3; name = Penguin.mp3; path = animalAssets/Penguin.mp3; sourceTree = SOURCE_ROOT; };
		3F3FDAA22A02EB4100F99EBA /* Wolf.mp3 */ = {isa = PBXFileReference; lastKnownFileType = audio.mp3; name = Wolf.mp3; path = animalAssets/Wolf.mp3; sourceTree = SOURCE_ROOT; };
		3F3FDAA42A02EB5000F99EBA /* Snake.mp3 */ = {isa = PBXFileReference; lastKnownFileType = audio.mp3; name = Snake.mp3; path = animalAssets/Snake.mp3; sourceTree = SOURCE_ROOT; };
		3F3FDAA62A02EB5B00F99EBA /* Lion.mp3 */ = {isa = PBXFileReference; lastKnownFileType = audio.mp3; name = Lion.mp3; path = animalAssets/Lion.mp3; sourceTree = SOURCE_ROOT; };
		3FCD41202A019AD1005D172A /* animalTalks.app */ = {isa = PBXFileReference; explicitFileType = wrapper.application; includeInIndex = 0; path = animalTalks.app; sourceTree = BUILT_PRODUCTS_DIR; };
		3FCD41232A019AD1005D172A /* AppDelegate.swift */ = {isa = PBXFileReference; lastKnownFileType = sourcecode.swift; path = AppDelegate.swift; sourceTree = "<group>"; };
		3FCD41252A019AD1005D172A /* SceneDelegate.swift */ = {isa = PBXFileReference; lastKnownFileType = sourcecode.swift; path = SceneDelegate.swift; sourceTree = "<group>"; };
		3FCD41272A019AD1005D172A /* ViewController.swift */ = {isa = PBXFileReference; lastKnownFileType = sourcecode.swift; path = ViewController.swift; sourceTree = "<group>"; };
		3FCD412A2A019AD1005D172A /* Base */ = {isa = PBXFileReference; lastKnownFileType = file.storyboard; name = Base; path = Base.lproj/Main.storyboard; sourceTree = "<group>"; };
		3FCD412C2A019AD2005D172A /* Assets.xcassets */ = {isa = PBXFileReference; lastKnownFileType = folder.assetcatalog; path = Assets.xcassets; sourceTree = "<group>"; };
		3FCD412F2A019AD2005D172A /* Base */ = {isa = PBXFileReference; lastKnownFileType = file.storyboard; name = Base; path = Base.lproj/LaunchScreen.storyboard; sourceTree = "<group>"; };
		3FCD41312A019AD2005D172A /* Info.plist */ = {isa = PBXFileReference; lastKnownFileType = text.plist.xml; path = Info.plist; sourceTree = "<group>"; };
/* End PBXFileReference section */

/* Begin PBXFrameworksBuildPhase section */
		3FCD411D2A019AD0005D172A /* Frameworks */ = {
			isa = PBXFrameworksBuildPhase;
			buildActionMask = 2147483647;
			files = (
			);
			runOnlyForDeploymentPostprocessing = 0;
		};
/* End PBXFrameworksBuildPhase section */

/* Begin PBXGroup section */
		3F3FDA9D2A02EB0F00F99EBA /* Sounds */ = {
			isa = PBXGroup;
			children = (
				3F3FDAA62A02EB5B00F99EBA /* Lion.mp3 */,
				3F3FDAA42A02EB5000F99EBA /* Snake.mp3 */,
				3F3FDAA22A02EB4100F99EBA /* Wolf.mp3 */,
				3F3FDA9E2A02EB2100F99EBA /* Monkey.mp3 */,
				3F3FDA9F2A02EB2100F99EBA /* Penguin.mp3 */,
			);
			name = Sounds;
			sourceTree = "<group>";
		};
		3FCD41172A019AD0005D172A = {
			isa = PBXGroup;
			children = (
				3FCD41222A019AD1005D172A /* animalTalks */,
				3FCD41212A019AD1005D172A /* Products */,
			);
			sourceTree = "<group>";
		};
		3FCD41212A019AD1005D172A /* Products */ = {
			isa = PBXGroup;
			children = (
				3FCD41202A019AD1005D172A /* animalTalks.app */,
			);
			name = Products;
			sourceTree = "<group>";
		};
		3FCD41222A019AD1005D172A /* animalTalks */ = {
			isa = PBXGroup;
			children = (
				3F3FDA9D2A02EB0F00F99EBA /* Sounds */,
				3FCD41232A019AD1005D172A /* AppDelegate.swift */,
				3FCD41252A019AD1005D172A /* SceneDelegate.swift */,
				3FCD41272A019AD1005D172A /* ViewController.swift */,
				3FCD41292A019AD1005D172A /* Main.storyboard */,
				3FCD412C2A019AD2005D172A /* Assets.xcassets */,
				3FCD412E2A019AD2005D172A /* LaunchScreen.storyboard */,
				3FCD41312A019AD2005D172A /* Info.plist */,
			);
			path = animalTalks;
			sourceTree = "<group>";
		};
/* End PBXGroup section */

/* Begin PBXNativeTarget section */
		3FCD411F2A019AD0005D172A /* animalTalks */ = {
			isa = PBXNativeTarget;
			buildConfigurationList = 3FCD41342A019AD2005D172A /* Build configuration list for PBXNativeTarget "animalTalks" */;
			buildPhases = (
				3FCD411C2A019AD0005D172A /* Sources */,
				3FCD411D2A019AD0005D172A /* Frameworks */,
				3FCD411E2A019AD0005D172A /* Resources */,
			);
			buildRules = (
			);
			dependencies = (
			);
			name = animalTalks;
			productName = animalTalks;
			productReference = 3FCD41202A019AD1005D172A /* animalTalks.app */;
			productType = "com.apple.product-type.application";
		};
/* End PBXNativeTarget section */

/* Begin PBXProject section */
		3FCD41182A019AD0005D172A /* Project object */ = {
			isa = PBXProject;
			attributes = {
				BuildIndependentTargetsInParallel = 1;
				LastSwiftUpdateCheck = 1400;
				LastUpgradeCheck = 1400;
				TargetAttributes = {
					3FCD411F2A019AD0005D172A = {
						CreatedOnToolsVersion = 14.0;
					};
				};
			};
			buildConfigurationList = 3FCD411B2A019AD0005D172A /* Build configuration list for PBXProject "animalTalks" */;
			compatibilityVersion = "Xcode 14.0";
			developmentRegion = en;
			hasScannedForEncodings = 0;
			knownRegions = (
				en,
				Base,
			);
			mainGroup = 3FCD41172A019AD0005D172A;
			productRefGroup = 3FCD41212A019AD1005D172A /* Products */;
			projectDirPath = "";
			projectRoot = "";
			targets = (
				3FCD411F2A019AD0005D172A /* animalTalks */,
			);
		};
/* End PBXProject section */

/* Begin PBXResourcesBuildPhase section */
		3FCD411E2A019AD0005D172A /* Resources */ = {
			isa = PBXResourcesBuildPhase;
			buildActionMask = 2147483647;
			files = (
				3F3FDAA72A02EB5B00F99EBA /* Lion.mp3 in Resources */,
				3F3FDAA32A02EB4100F99EBA /* Wolf.mp3 in Resources */,
				3FCD41302A019AD2005D172A /* LaunchScreen.storyboard in Resources */,
				3FCD412D2A019AD2005D172A /* Assets.xcassets in Resources */,
				3FCD412B2A019AD1005D172A /* Main.storyboard in Resources */,
				3F3FDAA12A02EB2100F99EBA /* Penguin.mp3 in Resources */,
				3F3FDAA02A02EB2100F99EBA /* Monkey.mp3 in Resources */,
				3F3FDAA52A02EB5000F99EBA /* Snake.mp3 in Resources */,
			);
			runOnlyForDeploymentPostprocessing = 0;
		};
/* End PBXResourcesBuildPhase section */

/* Begin PBXSourcesBuildPhase section */
		3FCD411C2A019AD0005D172A /* Sources */ = {
			isa = PBXSourcesBuildPhase;
			buildActionMask = 2147483647;
			files = (
				3FCD41282A019AD1005D172A /* ViewController.swift in Sources */,
				3FCD41242A019AD1005D172A /* AppDelegate.swift in Sources */,
				3FCD41262A019AD1005D172A /* SceneDelegate.swift in Sources */,
			);
			runOnlyForDeploymentPostprocessing = 0;
		};
/* End PBXSourcesBuildPhase section */

/* Begin PBXVariantGroup section */
		3FCD41292A019AD1005D172A /* Main.storyboard */ = {
			isa = PBXVariantGroup;
			children = (
				3FCD412A2A019AD1005D172A /* Base */,
			);
			name = Main.storyboard;
			sourceTree = "<group>";
		};
		3FCD412E2A019AD2005D172A /* LaunchScreen.storyboard */ = {
			isa = PBXVariantGroup;
			children = (
				3FCD412F2A019AD2005D172A /* Base */,
			);
			name = LaunchScreen.storyboard;
			sourceTree = "<group>";
		};
/* End PBXVariantGroup section */

/* Begin XCBuildConfiguration section */
		3FCD41322A019AD2005D172A /* Debug */ = {
			isa = XCBuildConfiguration;
			buildSettings = {
				ALWAYS_SEARCH_USER_PATHS = NO;
				CLANG_ANALYZER_NONNULL = YES;
				CLANG_ANALYZER_NUMBER_OBJECT_CONVERSION = YES_AGGRESSIVE;
				CLANG_CXX_LANGUAGE_STANDARD = "gnu++20";
				CLANG_ENABLE_MODULES = YES;
				CLANG_ENABLE_OBJC_ARC = YES;
				CLANG_ENABLE_OBJC_WEAK = YES;
				CLANG_WARN_BLOCK_CAPTURE_AUTORELEASING = YES;
				CLANG_WARN_BOOL_CONVERSION = YES;
				CLANG_WARN_COMMA = YES;
				CLANG_WARN_CONSTANT_CONVERSION = YES;
				CLANG_WARN_DEPRECATED_OBJC_IMPLEMENTATIONS = YES;
				CLANG_WARN_DIRECT_OBJC_ISA_USAGE = YES_ERROR;
				CLANG_WARN_DOCUMENTATION_COMMENTS = YES;
				CLANG_WARN_EMPTY_BODY = YES;
				CLANG_WARN_ENUM_CONVERSION = YES;
				CLANG_WARN_INFINITE_RECURSION = YES;
				CLANG_WARN_INT_CONVERSION = YES;
				CLANG_WARN_NON_LITERAL_NULL_CONVERSION = YES;
				CLANG_WARN_OBJC_IMPLICIT_RETAIN_SELF = YES;
				CLANG_WARN_OBJC_LITERAL_CONVERSION = YES;
				CLANG_WARN_OBJC_ROOT_CLASS = YES_ERROR;
				CLANG_WARN_QUOTED_INCLUDE_IN_FRAMEWORK_HEADER = YES;
				CLANG_WARN_RANGE_LOOP_ANALYSIS = YES;
				CLANG_WARN_STRICT_PROTOTYPES = YES;
				CLANG_WARN_SUSPICIOUS_MOVE = YES;
				CLANG_WARN_UNGUARDED_AVAILABILITY = YES_AGGRESSIVE;
				CLANG_WARN_UNREACHABLE_CODE = YES;
				CLANG_WARN__DUPLICATE_METHOD_MATCH = YES;
				COPY_PHASE_STRIP = NO;
				DEBUG_INFORMATION_FORMAT = dwarf;
				ENABLE_STRICT_OBJC_MSGSEND = YES;
				ENABLE_TESTABILITY = YES;
				GCC_C_LANGUAGE_STANDARD = gnu11;
				GCC_DYNAMIC_NO_PIC = NO;
				GCC_NO_COMMON_BLOCKS = YES;
				GCC_OPTIMIZATION_LEVEL = 0;
				GCC_PREPROCESSOR_DEFINITIONS = (
					"DEBUG=1",
					"$(inherited)",
				);
				GCC_WARN_64_TO_32_BIT_CONVERSION = YES;
				GCC_WARN_ABOUT_RETURN_TYPE = YES_ERROR;
				GCC_WARN_UNDECLARED_SELECTOR = YES;
				GCC_WARN_UNINITIALIZED_AUTOS = YES_AGGRESSIVE;
				GCC_WARN_UNUSED_FUNCTION = YES;
				GCC_WARN_UNUSED_VARIABLE = YES;
				IPHONEOS_DEPLOYMENT_TARGET = 16.0;
				MTL_ENABLE_DEBUG_INFO = INCLUDE_SOURCE;
				MTL_FAST_MATH = YES;
				ONLY_ACTIVE_ARCH = YES;
				SDKROOT = iphoneos;
				SWIFT_ACTIVE_COMPILATION_CONDITIONS = DEBUG;
				SWIFT_OPTIMIZATION_LEVEL = "-Onone";
			};
			name = Debug;
		};
		3FCD41332A019AD2005D172A /* Release */ = {
			isa = XCBuildConfiguration;
			buildSettings = {
				ALWAYS_SEARCH_USER_PATHS = NO;
				CLANG_ANALYZER_NONNULL = YES;
				CLANG_ANALYZER_NUMBER_OBJECT_CONVERSION = YES_AGGRESSIVE;
				CLANG_CXX_LANGUAGE_STANDARD = "gnu++20";
				CLANG_ENABLE_MODULES = YES;
				CLANG_ENABLE_OBJC_ARC = YES;
				CLANG_ENABLE_OBJC_WEAK = YES;
				CLANG_WARN_BLOCK_CAPTURE_AUTORELEASING = YES;
				CLANG_WARN_BOOL_CONVERSION = YES;
				CLANG_WARN_COMMA = YES;
				CLANG_WARN_CONSTANT_CONVERSION = YES;
				CLANG_WARN_DEPRECATED_OBJC_IMPLEMENTATIONS = YES;
				CLANG_WARN_DIRECT_OBJC_ISA_USAGE = YES_ERROR;
				CLANG_WARN_DOCUMENTATION_COMMENTS = YES;
				CLANG_WARN_EMPTY_BODY = YES;
				CLANG_WARN_ENUM_CONVERSION = YES;
				CLANG_WARN_INFINITE_RECURSION = YES;
				CLANG_WARN_INT_CONVERSION = YES;
				CLANG_WARN_NON_LITERAL_NULL_CONVERSION = YES;
				CLANG_WARN_OBJC_IMPLICIT_RETAIN_SELF = YES;
				CLANG_WARN_OBJC_LITERAL_CONVERSION = YES;
				CLANG_WARN_OBJC_ROOT_CLASS = YES_ERROR;
				CLANG_WARN_QUOTED_INCLUDE_IN_FRAMEWORK_HEADER = YES;
				CLANG_WARN_RANGE_LOOP_ANALYSIS = YES;
				CLANG_WARN_STRICT_PROTOTYPES = YES;
				CLANG_WARN_SUSPICIOUS_MOVE = YES;
				CLANG_WARN_UNGUARDED_AVAILABILITY = YES_AGGRESSIVE;
				CLANG_WARN_UNREACHABLE_CODE = YES;
				CLANG_WARN__DUPLICATE_METHOD_MATCH = YES;
				COPY_PHASE_STRIP = NO;
				DEBUG_INFORMATION_FORMAT = "dwarf-with-dsym";
				ENABLE_NS_ASSERTIONS = NO;
				ENABLE_STRICT_OBJC_MSGSEND = YES;
				GCC_C_LANGUAGE_STANDARD = gnu11;
				GCC_NO_COMMON_BLOCKS = YES;
				GCC_WARN_64_TO_32_BIT_CONVERSION = YES;
				GCC_WARN_ABOUT_RETURN_TYPE = YES_ERROR;
				GCC_WARN_UNDECLARED_SELECTOR = YES;
				GCC_WARN_UNINITIALIZED_AUTOS = YES_AGGRESSIVE;
				GCC_WARN_UNUSED_FUNCTION = YES;
				GCC_WARN_UNUSED_VARIABLE = YES;
				IPHONEOS_DEPLOYMENT_TARGET = 16.0;
				MTL_ENABLE_DEBUG_INFO = NO;
				MTL_FAST_MATH = YES;
				SDKROOT = iphoneos;
				SWIFT_COMPILATION_MODE = wholemodule;
				SWIFT_OPTIMIZATION_LEVEL = "-O";
				VALIDATE_PRODUCT = YES;
			};
			name = Release;
		};
		3FCD41352A019AD2005D172A /* Debug */ = {
			isa = XCBuildConfiguration;
			buildSettings = {
				ASSETCATALOG_COMPILER_APPICON_NAME = AppIcon;
				ASSETCATALOG_COMPILER_GLOBAL_ACCENT_COLOR_NAME = AccentColor;
				CODE_SIGN_STYLE = Automatic;
				CURRENT_PROJECT_VERSION = 1;
				DEVELOPMENT_TEAM = 49FZ53KNL9;
				GENERATE_INFOPLIST_FILE = YES;
				INFOPLIST_FILE = animalTalks/Info.plist;
				INFOPLIST_KEY_UIApplicationSupportsIndirectInputEvents = YES;
				INFOPLIST_KEY_UILaunchStoryboardName = LaunchScreen;
				INFOPLIST_KEY_UIMainStoryboardFile = Main;
				INFOPLIST_KEY_UISupportedInterfaceOrientations_iPad = "UIInterfaceOrientationPortrait UIInterfaceOrientationPortraitUpsideDown UIInterfaceOrientationLandscapeLeft UIInterfaceOrientationLandscapeRight";
				INFOPLIST_KEY_UISupportedInterfaceOrientations_iPhone = "UIInterfaceOrientationPortrait UIInterfaceOrientationLandscapeLeft UIInterfaceOrientationLandscapeRight";
				LD_RUNPATH_SEARCH_PATHS = (
					"$(inherited)",
					"@executable_path/Frameworks",
				);
				MARKETING_VERSION = 1.0;
				PRODUCT_BUNDLE_IDENTIFIER = com.matson.animalTalks;
				PRODUCT_NAME = "$(TARGET_NAME)";
				SWIFT_EMIT_LOC_STRINGS = YES;
				SWIFT_VERSION = 5.0;
				TARGETED_DEVICE_FAMILY = "1,2";
			};
			name = Debug;
		};
		3FCD41362A019AD2005D172A /* Release */ = {
			isa = XCBuildConfiguration;
			buildSettings = {
				ASSETCATALOG_COMPILER_APPICON_NAME = AppIcon;
				ASSETCATALOG_COMPILER_GLOBAL_ACCENT_COLOR_NAME = AccentColor;
				CODE_SIGN_STYLE = Automatic;
				CURRENT_PROJECT_VERSION = 1;
				DEVELOPMENT_TEAM = 49FZ53KNL9;
				GENERATE_INFOPLIST_FILE = YES;
				INFOPLIST_FILE = animalTalks/Info.plist;
				INFOPLIST_KEY_UIApplicationSupportsIndirectInputEvents = YES;
				INFOPLIST_KEY_UILaunchStoryboardName = LaunchScreen;
				INFOPLIST_KEY_UIMainStoryboardFile = Main;
				INFOPLIST_KEY_UISupportedInterfaceOrientations_iPad = "UIInterfaceOrientationPortrait UIInterfaceOrientationPortraitUpsideDown UIInterfaceOrientationLandscapeLeft UIInterfaceOrientationLandscapeRight";
				INFOPLIST_KEY_UISupportedInterfaceOrientations_iPhone = "UIInterfaceOrientationPortrait UIInterfaceOrientationLandscapeLeft UIInterfaceOrientationLandscapeRight";
				LD_RUNPATH_SEARCH_PATHS = (
					"$(inherited)",
					"@executable_path/Frameworks",
				);
				MARKETING_VERSION = 1.0;
				PRODUCT_BUNDLE_IDENTIFIER = com.matson.animalTalks;
				PRODUCT_NAME = "$(TARGET_NAME)";
				SWIFT_EMIT_LOC_STRINGS = YES;
				SWIFT_VERSION = 5.0;
				TARGETED_DEVICE_FAMILY = "1,2";
			};
			name = Release;
		};
/* End XCBuildConfiguration section */

/* Begin XCConfigurationList section */
		3FCD411B2A019AD0005D172A /* Build configuration list for PBXProject "animalTalks" */ = {
			isa = XCConfigurationList;
			buildConfigurations = (
				3FCD41322A019AD2005D172A /* Debug */,
				3FCD41332A019AD2005D172A /* Release */,
			);
			defaultConfigurationIsVisible = 0;
			defaultConfigurationName = Release;
		};
		3FCD41342A019AD2005D172A /* Build configuration list for PBXNativeTarget "animalTalks" */ = {
			isa = XCConfigurationList;
			buildConfigurations = (
				3FCD41352A019AD2005D172A /* Debug */,
				3FCD41362A019AD2005D172A /* Release */,
			);
			defaultConfigurationIsVisible = 0;
			defaultConfigurationName = Release;
		};
/* End XCConfigurationList section */
	};
	rootObject = 3FCD41182A019AD0005D172A /* Project object */;
}
